// !$*UTF8*$!
{
	archiveVersion = 1;
	classes = {
	};
	objectVersion = 46;
	objects = {

/* Begin PBXBuildFile section */
		04269EEF1BFC619E00FD30B5 /* AppDelegate.swift in Sources */ = {isa = PBXBuildFile; fileRef = 04269EEE1BFC619E00FD30B5 /* AppDelegate.swift */; };
		04269EF11BFC619E00FD30B5 /* ViewController.swift in Sources */ = {isa = PBXBuildFile; fileRef = 04269EF01BFC619E00FD30B5 /* ViewController.swift */; };
		04269EF41BFC619E00FD30B5 /* Main.storyboard in Resources */ = {isa = PBXBuildFile; fileRef = 04269EF21BFC619E00FD30B5 /* Main.storyboard */; };
		04269EF61BFC619E00FD30B5 /* Assets.xcassets in Resources */ = {isa = PBXBuildFile; fileRef = 04269EF51BFC619E00FD30B5 /* Assets.xcassets */; };
		04269EF91BFC619E00FD30B5 /* LaunchScreen.storyboard in Resources */ = {isa = PBXBuildFile; fileRef = 04269EF71BFC619E00FD30B5 /* LaunchScreen.storyboard */; };
		04F2D8A21BFD70F20017992D /* NotificationCenter.framework in Frameworks */ = {isa = PBXBuildFile; fileRef = 04F2D8A11BFD70F20017992D /* NotificationCenter.framework */; };
		04F2D8A51BFD70F20017992D /* TodayViewController.swift in Sources */ = {isa = PBXBuildFile; fileRef = 04F2D8A41BFD70F20017992D /* TodayViewController.swift */; };
		04F2D8A81BFD70F20017992D /* MainInterface.storyboard in Resources */ = {isa = PBXBuildFile; fileRef = 04F2D8A61BFD70F20017992D /* MainInterface.storyboard */; };
		04F2D8AC1BFD70F20017992D /* IpWidget.appex in Embed App Extensions */ = {isa = PBXBuildFile; fileRef = 04F2D8A01BFD70F10017992D /* IpWidget.appex */; settings = {ATTRIBUTES = (RemoveHeadersOnCopy, ); }; };
		B9D8A48A2E71BD9F679342CD /* Pods_IP.framework in Frameworks */ = {isa = PBXBuildFile; fileRef = B1CD5947D495EF3968C9B250 /* Pods_IP.framework */; };
		D3CFC1B54B348DFE172EA0B0 /* Pods_IpWidget.framework in Frameworks */ = {isa = PBXBuildFile; fileRef = C7A6693E539ED992B701E283 /* Pods_IpWidget.framework */; };
/* End PBXBuildFile section */

/* Begin PBXContainerItemProxy section */
		04F2D8AA1BFD70F20017992D /* PBXContainerItemProxy */ = {
			isa = PBXContainerItemProxy;
			containerPortal = 04269EE31BFC619E00FD30B5 /* Project object */;
			proxyType = 1;
			remoteGlobalIDString = 04F2D89F1BFD70F10017992D;
			remoteInfo = IpWidget;
		};
/* End PBXContainerItemProxy section */

/* Begin PBXCopyFilesBuildPhase section */
		04F2D8B01BFD70F20017992D /* Embed App Extensions */ = {
			isa = PBXCopyFilesBuildPhase;
			buildActionMask = 2147483647;
			dstPath = "";
			dstSubfolderSpec = 13;
			files = (
				04F2D8AC1BFD70F20017992D /* IpWidget.appex in Embed App Extensions */,
			);
			name = "Embed App Extensions";
			runOnlyForDeploymentPostprocessing = 0;
		};
/* End PBXCopyFilesBuildPhase section */

/* Begin PBXFileReference section */
		04269EEB1BFC619E00FD30B5 /* IP.app */ = {isa = PBXFileReference; explicitFileType = wrapper.application; includeInIndex = 0; path = IP.app; sourceTree = BUILT_PRODUCTS_DIR; };
		04269EEE1BFC619E00FD30B5 /* AppDelegate.swift */ = {isa = PBXFileReference; lastKnownFileType = sourcecode.swift; path = AppDelegate.swift; sourceTree = "<group>"; };
		04269EF01BFC619E00FD30B5 /* ViewController.swift */ = {isa = PBXFileReference; lastKnownFileType = sourcecode.swift; path = ViewController.swift; sourceTree = "<group>"; };
		04269EF31BFC619E00FD30B5 /* Base */ = {isa = PBXFileReference; lastKnownFileType = file.storyboard; name = Base; path = Base.lproj/Main.storyboard; sourceTree = "<group>"; };
		04269EF51BFC619E00FD30B5 /* Assets.xcassets */ = {isa = PBXFileReference; lastKnownFileType = folder.assetcatalog; path = Assets.xcassets; sourceTree = "<group>"; };
		04269EF81BFC619E00FD30B5 /* Base */ = {isa = PBXFileReference; lastKnownFileType = file.storyboard; name = Base; path = Base.lproj/LaunchScreen.storyboard; sourceTree = "<group>"; };
		04269EFA1BFC619E00FD30B5 /* Info.plist */ = {isa = PBXFileReference; lastKnownFileType = text.plist.xml; path = Info.plist; sourceTree = "<group>"; };
		04F2D8A01BFD70F10017992D /* IpWidget.appex */ = {isa = PBXFileReference; explicitFileType = "wrapper.app-extension"; includeInIndex = 0; path = IpWidget.appex; sourceTree = BUILT_PRODUCTS_DIR; };
		04F2D8A11BFD70F20017992D /* NotificationCenter.framework */ = {isa = PBXFileReference; lastKnownFileType = wrapper.framework; name = NotificationCenter.framework; path = System/Library/Frameworks/NotificationCenter.framework; sourceTree = SDKROOT; };
		04F2D8A41BFD70F20017992D /* TodayViewController.swift */ = {isa = PBXFileReference; lastKnownFileType = sourcecode.swift; path = TodayViewController.swift; sourceTree = "<group>"; };
		04F2D8A71BFD70F20017992D /* Base */ = {isa = PBXFileReference; lastKnownFileType = file.storyboard; name = Base; path = Base.lproj/MainInterface.storyboard; sourceTree = "<group>"; };
		04F2D8A91BFD70F20017992D /* Info.plist */ = {isa = PBXFileReference; lastKnownFileType = text.plist.xml; path = Info.plist; sourceTree = "<group>"; };
		2CA143D43F83847F2B59107F /* Pods-IP.debug.xcconfig */ = {isa = PBXFileReference; includeInIndex = 1; lastKnownFileType = text.xcconfig; name = "Pods-IP.debug.xcconfig"; path = "Pods/Target Support Files/Pods-IP/Pods-IP.debug.xcconfig"; sourceTree = "<group>"; };
		9777EEB8EB799FEF465EEA6A /* Pods-IpWidget.release.xcconfig */ = {isa = PBXFileReference; includeInIndex = 1; lastKnownFileType = text.xcconfig; name = "Pods-IpWidget.release.xcconfig"; path = "Pods/Target Support Files/Pods-IpWidget/Pods-IpWidget.release.xcconfig"; sourceTree = "<group>"; };
		B1CD5947D495EF3968C9B250 /* Pods_IP.framework */ = {isa = PBXFileReference; explicitFileType = wrapper.framework; includeInIndex = 0; path = Pods_IP.framework; sourceTree = BUILT_PRODUCTS_DIR; };
		C7A6693E539ED992B701E283 /* Pods_IpWidget.framework */ = {isa = PBXFileReference; explicitFileType = wrapper.framework; includeInIndex = 0; path = Pods_IpWidget.framework; sourceTree = BUILT_PRODUCTS_DIR; };
		CE40959A38684449225D74EE /* Pods.framework */ = {isa = PBXFileReference; explicitFileType = wrapper.framework; includeInIndex = 0; path = Pods.framework; sourceTree = BUILT_PRODUCTS_DIR; };
		D267A0F7E8BA75F106946AFE /* Pods-IpWidget.debug.xcconfig */ = {isa = PBXFileReference; includeInIndex = 1; lastKnownFileType = text.xcconfig; name = "Pods-IpWidget.debug.xcconfig"; path = "Pods/Target Support Files/Pods-IpWidget/Pods-IpWidget.debug.xcconfig"; sourceTree = "<group>"; };
		EB0FA8102383DA6817D23039 /* Pods-IP.release.xcconfig */ = {isa = PBXFileReference; includeInIndex = 1; lastKnownFileType = text.xcconfig; name = "Pods-IP.release.xcconfig"; path = "Pods/Target Support Files/Pods-IP/Pods-IP.release.xcconfig"; sourceTree = "<group>"; };
/* End PBXFileReference section */

/* Begin PBXFrameworksBuildPhase section */
		04269EE81BFC619E00FD30B5 /* Frameworks */ = {
			isa = PBXFrameworksBuildPhase;
			buildActionMask = 2147483647;
			files = (
				B9D8A48A2E71BD9F679342CD /* Pods_IP.framework in Frameworks */,
			);
			runOnlyForDeploymentPostprocessing = 0;
		};
		04F2D89D1BFD70F10017992D /* Frameworks */ = {
			isa = PBXFrameworksBuildPhase;
			buildActionMask = 2147483647;
			files = (
				04F2D8A21BFD70F20017992D /* NotificationCenter.framework in Frameworks */,
				D3CFC1B54B348DFE172EA0B0 /* Pods_IpWidget.framework in Frameworks */,
			);
			runOnlyForDeploymentPostprocessing = 0;
		};
/* End PBXFrameworksBuildPhase section */

/* Begin PBXGroup section */
		04269EE21BFC619E00FD30B5 = {
			isa = PBXGroup;
			children = (
				04269EED1BFC619E00FD30B5 /* IP */,
				04F2D8A31BFD70F20017992D /* IpWidget */,
				04269EEC1BFC619E00FD30B5 /* Products */,
				ED5732437C6A6FF980C8ABF4 /* Frameworks */,
				BC4152AC12DD6107C6C24EF3 /* Pods */,
			);
			sourceTree = "<group>";
		};
		04269EEC1BFC619E00FD30B5 /* Products */ = {
			isa = PBXGroup;
			children = (
				04269EEB1BFC619E00FD30B5 /* IP.app */,
				04F2D8A01BFD70F10017992D /* IpWidget.appex */,
			);
			name = Products;
			sourceTree = "<group>";
		};
		04269EED1BFC619E00FD30B5 /* IP */ = {
			isa = PBXGroup;
			children = (
				04269EEE1BFC619E00FD30B5 /* AppDelegate.swift */,
				04269EF01BFC619E00FD30B5 /* ViewController.swift */,
				04269EF21BFC619E00FD30B5 /* Main.storyboard */,
				04269EF51BFC619E00FD30B5 /* Assets.xcassets */,
				04269EF71BFC619E00FD30B5 /* LaunchScreen.storyboard */,
				04269EFA1BFC619E00FD30B5 /* Info.plist */,
			);
			path = IP;
			sourceTree = "<group>";
		};
		04F2D8A31BFD70F20017992D /* IpWidget */ = {
			isa = PBXGroup;
			children = (
				04F2D8A41BFD70F20017992D /* TodayViewController.swift */,
				04F2D8A61BFD70F20017992D /* MainInterface.storyboard */,
				04F2D8A91BFD70F20017992D /* Info.plist */,
			);
			path = IpWidget;
			sourceTree = "<group>";
		};
		BC4152AC12DD6107C6C24EF3 /* Pods */ = {
			isa = PBXGroup;
			children = (
				2CA143D43F83847F2B59107F /* Pods-IP.debug.xcconfig */,
				EB0FA8102383DA6817D23039 /* Pods-IP.release.xcconfig */,
				D267A0F7E8BA75F106946AFE /* Pods-IpWidget.debug.xcconfig */,
				9777EEB8EB799FEF465EEA6A /* Pods-IpWidget.release.xcconfig */,
			);
			name = Pods;
			sourceTree = "<group>";
		};
		ED5732437C6A6FF980C8ABF4 /* Frameworks */ = {
			isa = PBXGroup;
			children = (
				CE40959A38684449225D74EE /* Pods.framework */,
				04F2D8A11BFD70F20017992D /* NotificationCenter.framework */,
				B1CD5947D495EF3968C9B250 /* Pods_IP.framework */,
				C7A6693E539ED992B701E283 /* Pods_IpWidget.framework */,
			);
			name = Frameworks;
			sourceTree = "<group>";
		};
/* End PBXGroup section */

/* Begin PBXNativeTarget section */
		04269EEA1BFC619E00FD30B5 /* IP */ = {
			isa = PBXNativeTarget;
			buildConfigurationList = 04269EFD1BFC619E00FD30B5 /* Build configuration list for PBXNativeTarget "IP" */;
			buildPhases = (
				8C9DF2B5C2730C50726B9D0A /* [CP] Check Pods Manifest.lock */,
				04269EE71BFC619E00FD30B5 /* Sources */,
				04269EE81BFC619E00FD30B5 /* Frameworks */,
				04269EE91BFC619E00FD30B5 /* Resources */,
				04F2D8B01BFD70F20017992D /* Embed App Extensions */,
				4F93CD6CBA8BE5EB55601FC7 /* [CP] Embed Pods Frameworks */,
			);
			buildRules = (
			);
			dependencies = (
				04F2D8AB1BFD70F20017992D /* PBXTargetDependency */,
			);
			name = IP;
			productName = IP;
			productReference = 04269EEB1BFC619E00FD30B5 /* IP.app */;
			productType = "com.apple.product-type.application";
		};
		04F2D89F1BFD70F10017992D /* IpWidget */ = {
			isa = PBXNativeTarget;
			buildConfigurationList = 04F2D8AF1BFD70F20017992D /* Build configuration list for PBXNativeTarget "IpWidget" */;
			buildPhases = (
				2115895EB34BB57C6F962953 /* [CP] Check Pods Manifest.lock */,
				04F2D89C1BFD70F10017992D /* Sources */,
				04F2D89D1BFD70F10017992D /* Frameworks */,
				04F2D89E1BFD70F10017992D /* Resources */,
			);
			buildRules = (
			);
			dependencies = (
			);
			name = IpWidget;
			productName = IpWidget;
			productReference = 04F2D8A01BFD70F10017992D /* IpWidget.appex */;
			productType = "com.apple.product-type.app-extension";
		};
/* End PBXNativeTarget section */

/* Begin PBXProject section */
		04269EE31BFC619E00FD30B5 /* Project object */ = {
			isa = PBXProject;
			attributes = {
				LastSwiftUpdateCheck = 0710;
				LastUpgradeCheck = 0710;
				ORGANIZATIONNAME = "华夏大地教育";
				TargetAttributes = {
					04269EEA1BFC619E00FD30B5 = {
						CreatedOnToolsVersion = 7.1.1;
						DevelopmentTeam = CX9724CS5M;
						ProvisioningStyle = Manual;
					};
					04F2D89F1BFD70F10017992D = {
						CreatedOnToolsVersion = 7.1.1;
						DevelopmentTeam = CX9724CS5M;
						ProvisioningStyle = Manual;
					};
				};
			};
			buildConfigurationList = 04269EE61BFC619E00FD30B5 /* Build configuration list for PBXProject "IP" */;
			compatibilityVersion = "Xcode 3.2";
			developmentRegion = English;
			hasScannedForEncodings = 0;
			knownRegions = (
				en,
				Base,
			);
			mainGroup = 04269EE21BFC619E00FD30B5;
			productRefGroup = 04269EEC1BFC619E00FD30B5 /* Products */;
			projectDirPath = "";
			projectRoot = "";
			targets = (
				04269EEA1BFC619E00FD30B5 /* IP */,
				04F2D89F1BFD70F10017992D /* IpWidget */,
			);
		};
/* End PBXProject section */

/* Begin PBXResourcesBuildPhase section */
		04269EE91BFC619E00FD30B5 /* Resources */ = {
			isa = PBXResourcesBuildPhase;
			buildActionMask = 2147483647;
			files = (
				04269EF91BFC619E00FD30B5 /* LaunchScreen.storyboard in Resources */,
				04269EF61BFC619E00FD30B5 /* Assets.xcassets in Resources */,
				04269EF41BFC619E00FD30B5 /* Main.storyboard in Resources */,
			);
			runOnlyForDeploymentPostprocessing = 0;
		};
		04F2D89E1BFD70F10017992D /* Resources */ = {
			isa = PBXResourcesBuildPhase;
			buildActionMask = 2147483647;
			files = (
				04F2D8A81BFD70F20017992D /* MainInterface.storyboard in Resources */,
			);
			runOnlyForDeploymentPostprocessing = 0;
		};
/* End PBXResourcesBuildPhase section */

/* Begin PBXShellScriptBuildPhase section */
		2115895EB34BB57C6F962953 /* [CP] Check Pods Manifest.lock */ = {
			isa = PBXShellScriptBuildPhase;
			buildActionMask = 2147483647;
			files = (
			);
			inputPaths = (
				"${PODS_PODFILE_DIR_PATH}/Podfile.lock",
				"${PODS_ROOT}/Manifest.lock",
			);
			name = "[CP] Check Pods Manifest.lock";
			outputPaths = (
				"$(DERIVED_FILE_DIR)/Pods-IpWidget-checkManifestLockResult.txt",
			);
			runOnlyForDeploymentPostprocessing = 0;
			shellPath = /bin/sh;
			shellScript = "diff \"${PODS_PODFILE_DIR_PATH}/Podfile.lock\" \"${PODS_ROOT}/Manifest.lock\" > /dev/null\nif [ $? != 0 ] ; then\n    # print error to STDERR\n    echo \"error: The sandbox is not in sync with the Podfile.lock. Run 'pod install' or update your CocoaPods installation.\" >&2\n    exit 1\nfi\n# This output is used by Xcode 'outputs' to avoid re-running this script phase.\necho \"SUCCESS\" > \"${SCRIPT_OUTPUT_FILE_0}\"\n";
			showEnvVarsInLog = 0;
		};
		4F93CD6CBA8BE5EB55601FC7 /* [CP] Embed Pods Frameworks */ = {
			isa = PBXShellScriptBuildPhase;
			buildActionMask = 2147483647;
			files = (
			);
			inputPaths = (
				"${PODS_ROOT}/Target Support Files/Pods-IP/Pods-IP-frameworks.sh",
				"${BUILT_PRODUCTS_DIR}/Alamofire/Alamofire.framework",
			);
			name = "[CP] Embed Pods Frameworks";
			outputPaths = (
				"${TARGET_BUILD_DIR}/${FRAMEWORKS_FOLDER_PATH}/Alamofire.framework",
			);
			runOnlyForDeploymentPostprocessing = 0;
			shellPath = /bin/sh;
			shellScript = "\"${PODS_ROOT}/Target Support Files/Pods-IP/Pods-IP-frameworks.sh\"\n";
			showEnvVarsInLog = 0;
		};
		8C9DF2B5C2730C50726B9D0A /* [CP] Check Pods Manifest.lock */ = {
			isa = PBXShellScriptBuildPhase;
			buildActionMask = 2147483647;
			files = (
			);
			inputPaths = (
				"${PODS_PODFILE_DIR_PATH}/Podfile.lock",
				"${PODS_ROOT}/Manifest.lock",
			);
			name = "[CP] Check Pods Manifest.lock";
			outputPaths = (
				"$(DERIVED_FILE_DIR)/Pods-IP-checkManifestLockResult.txt",
			);
			runOnlyForDeploymentPostprocessing = 0;
			shellPath = /bin/sh;
			shellScript = "diff \"${PODS_PODFILE_DIR_PATH}/Podfile.lock\" \"${PODS_ROOT}/Manifest.lock\" > /dev/null\nif [ $? != 0 ] ; then\n    # print error to STDERR\n    echo \"error: The sandbox is not in sync with the Podfile.lock. Run 'pod install' or update your CocoaPods installation.\" >&2\n    exit 1\nfi\n# This output is used by Xcode 'outputs' to avoid re-running this script phase.\necho \"SUCCESS\" > \"${SCRIPT_OUTPUT_FILE_0}\"\n";
			showEnvVarsInLog = 0;
		};
/* End PBXShellScriptBuildPhase section */

/* Begin PBXSourcesBuildPhase section */
		04269EE71BFC619E00FD30B5 /* Sources */ = {
			isa = PBXSourcesBuildPhase;
			buildActionMask = 2147483647;
			files = (
				04269EF11BFC619E00FD30B5 /* ViewController.swift in Sources */,
				04269EEF1BFC619E00FD30B5 /* AppDelegate.swift in Sources */,
			);
			runOnlyForDeploymentPostprocessing = 0;
		};
		04F2D89C1BFD70F10017992D /* Sources */ = {
			isa = PBXSourcesBuildPhase;
			buildActionMask = 2147483647;
			files = (
				04F2D8A51BFD70F20017992D /* TodayViewController.swift in Sources */,
			);
			runOnlyForDeploymentPostprocessing = 0;
		};
/* End PBXSourcesBuildPhase section */

/* Begin PBXTargetDependency section */
		04F2D8AB1BFD70F20017992D /* PBXTargetDependency */ = {
			isa = PBXTargetDependency;
			target = 04F2D89F1BFD70F10017992D /* IpWidget */;
			targetProxy = 04F2D8AA1BFD70F20017992D /* PBXContainerItemProxy */;
		};
/* End PBXTargetDependency section */

/* Begin PBXVariantGroup section */
		04269EF21BFC619E00FD30B5 /* Main.storyboard */ = {
			isa = PBXVariantGroup;
			children = (
				04269EF31BFC619E00FD30B5 /* Base */,
			);
			name = Main.storyboard;
			sourceTree = "<group>";
		};
		04269EF71BFC619E00FD30B5 /* LaunchScreen.storyboard */ = {
			isa = PBXVariantGroup;
			children = (
				04269EF81BFC619E00FD30B5 /* Base */,
			);
			name = LaunchScreen.storyboard;
			sourceTree = "<group>";
		};
		04F2D8A61BFD70F20017992D /* MainInterface.storyboard */ = {
			isa = PBXVariantGroup;
			children = (
				04F2D8A71BFD70F20017992D /* Base */,
			);
			name = MainInterface.storyboard;
			sourceTree = "<group>";
		};
/* End PBXVariantGroup section */

/* Begin XCBuildConfiguration section */
		04269EFB1BFC619E00FD30B5 /* Debug */ = {
			isa = XCBuildConfiguration;
			buildSettings = {
				ALWAYS_SEARCH_USER_PATHS = NO;
				CLANG_CXX_LANGUAGE_STANDARD = "gnu++0x";
				CLANG_CXX_LIBRARY = "libc++";
				CLANG_ENABLE_MODULES = YES;
				CLANG_ENABLE_OBJC_ARC = YES;
				CLANG_WARN_BOOL_CONVERSION = YES;
				CLANG_WARN_CONSTANT_CONVERSION = YES;
				CLANG_WARN_DIRECT_OBJC_ISA_USAGE = YES_ERROR;
				CLANG_WARN_EMPTY_BODY = YES;
				CLANG_WARN_ENUM_CONVERSION = YES;
				CLANG_WARN_INT_CONVERSION = YES;
				CLANG_WARN_OBJC_ROOT_CLASS = YES_ERROR;
				CLANG_WARN_UNREACHABLE_CODE = YES;
				CLANG_WARN__DUPLICATE_METHOD_MATCH = YES;
				"CODE_SIGN_IDENTITY[sdk=iphoneos*]" = "iPhone Developer";
				COPY_PHASE_STRIP = NO;
				DEBUG_INFORMATION_FORMAT = dwarf;
				ENABLE_STRICT_OBJC_MSGSEND = YES;
				ENABLE_TESTABILITY = YES;
				GCC_C_LANGUAGE_STANDARD = gnu99;
				GCC_DYNAMIC_NO_PIC = NO;
				GCC_NO_COMMON_BLOCKS = YES;
				GCC_OPTIMIZATION_LEVEL = 0;
				GCC_PREPROCESSOR_DEFINITIONS = (
					"DEBUG=1",
					"$(inherited)",
				);
				GCC_WARN_64_TO_32_BIT_CONVERSION = YES;
				GCC_WARN_ABOUT_RETURN_TYPE = YES_ERROR;
				GCC_WARN_UNDECLARED_SELECTOR = YES;
				GCC_WARN_UNINITIALIZED_AUTOS = YES_AGGRESSIVE;
				GCC_WARN_UNUSED_FUNCTION = YES;
				GCC_WARN_UNUSED_VARIABLE = YES;
				IPHONEOS_DEPLOYMENT_TARGET = 9.1;
				MTL_ENABLE_DEBUG_INFO = YES;
				ONLY_ACTIVE_ARCH = YES;
				SDKROOT = iphoneos;
				SWIFT_OPTIMIZATION_LEVEL = "-Onone";
				TARGETED_DEVICE_FAMILY = "1,2";
			};
			name = Debug;
		};
		04269EFC1BFC619E00FD30B5 /* Release */ = {
			isa = XCBuildConfiguration;
			buildSettings = {
				ALWAYS_SEARCH_USER_PATHS = NO;
				CLANG_CXX_LANGUAGE_STANDARD = "gnu++0x";
				CLANG_CXX_LIBRARY = "libc++";
				CLANG_ENABLE_MODULES = YES;
				CLANG_ENABLE_OBJC_ARC = YES;
				CLANG_WARN_BOOL_CONVERSION = YES;
				CLANG_WARN_CONSTANT_CONVERSION = YES;
				CLANG_WARN_DIRECT_OBJC_ISA_USAGE = YES_ERROR;
				CLANG_WARN_EMPTY_BODY = YES;
				CLANG_WARN_ENUM_CONVERSION = YES;
				CLANG_WARN_INT_CONVERSION = YES;
				CLANG_WARN_OBJC_ROOT_CLASS = YES_ERROR;
				CLANG_WARN_UNREACHABLE_CODE = YES;
				CLANG_WARN__DUPLICATE_METHOD_MATCH = YES;
				"CODE_SIGN_IDENTITY[sdk=iphoneos*]" = "iPhone Developer";
				COPY_PHASE_STRIP = NO;
				DEBUG_INFORMATION_FORMAT = "dwarf-with-dsym";
				ENABLE_NS_ASSERTIONS = NO;
				ENABLE_STRICT_OBJC_MSGSEND = YES;
				GCC_C_LANGUAGE_STANDARD = gnu99;
				GCC_NO_COMMON_BLOCKS = YES;
				GCC_WARN_64_TO_32_BIT_CONVERSION = YES;
				GCC_WARN_ABOUT_RETURN_TYPE = YES_ERROR;
				GCC_WARN_UNDECLARED_SELECTOR = YES;
				GCC_WARN_UNINITIALIZED_AUTOS = YES_AGGRESSIVE;
				GCC_WARN_UNUSED_FUNCTION = YES;
				GCC_WARN_UNUSED_VARIABLE = YES;
				IPHONEOS_DEPLOYMENT_TARGET = 9.1;
				MTL_ENABLE_DEBUG_INFO = NO;
				SDKROOT = iphoneos;
				TARGETED_DEVICE_FAMILY = "1,2";
				VALIDATE_PRODUCT = YES;
			};
			name = Release;
		};
		04269EFE1BFC619E00FD30B5 /* Debug */ = {
			isa = XCBuildConfiguration;
			baseConfigurationReference = 2CA143D43F83847F2B59107F /* Pods-IP.debug.xcconfig */;
			buildSettings = {
				ASSETCATALOG_COMPILER_APPICON_NAME = AppIcon;
				CODE_SIGN_STYLE = Manual;
				DEVELOPMENT_TEAM = CX9724CS5M;
				EMBEDDED_CONTENT_CONTAINS_SWIFT = YES;
				INFOPLIST_FILE = IP/Info.plist;
				IPHONEOS_DEPLOYMENT_TARGET = 8.0;
				LD_RUNPATH_SEARCH_PATHS = "$(inherited) @executable_path/Frameworks";
				PRODUCT_BUNDLE_IDENTIFIER = "edu-edu.IP";
				PRODUCT_NAME = "$(TARGET_NAME)";
				PROVISIONING_PROFILE = "cfcf133b-48d4-469a-86b5-dda86cce7096";
				PROVISIONING_PROFILE_SPECIFIER = developer;
				SWIFT_VERSION = 4.0;
			};
			name = Debug;
		};
		04269EFF1BFC619E00FD30B5 /* Release */ = {
			isa = XCBuildConfiguration;
			baseConfigurationReference = EB0FA8102383DA6817D23039 /* Pods-IP.release.xcconfig */;
			buildSettings = {
				ASSETCATALOG_COMPILER_APPICON_NAME = AppIcon;
				CODE_SIGN_STYLE = Manual;
				DEVELOPMENT_TEAM = "";
				EMBEDDED_CONTENT_CONTAINS_SWIFT = YES;
				INFOPLIST_FILE = IP/Info.plist;
				IPHONEOS_DEPLOYMENT_TARGET = 8.0;
				LD_RUNPATH_SEARCH_PATHS = "$(inherited) @executable_path/Frameworks";
				PRODUCT_BUNDLE_IDENTIFIER = "edu-edu.IP";
				PRODUCT_NAME = "$(TARGET_NAME)";
				PROVISIONING_PROFILE_SPECIFIER = "";
				SWIFT_VERSION = 4.0;
			};
			name = Release;
		};
		04F2D8AD1BFD70F20017992D /* Debug */ = {
			isa = XCBuildConfiguration;
			baseConfigurationReference = D267A0F7E8BA75F106946AFE /* Pods-IpWidget.debug.xcconfig */;
			buildSettings = {
				CODE_SIGN_STYLE = Manual;
				DEVELOPMENT_TEAM = CX9724CS5M;
				INFOPLIST_FILE = IpWidget/Info.plist;
				IPHONEOS_DEPLOYMENT_TARGET = 8.0;
				LD_RUNPATH_SEARCH_PATHS = "$(inherited) @executable_path/Frameworks @executable_path/../../Frameworks";
				PRODUCT_BUNDLE_IDENTIFIER = "edu-edu.IP.IpWidget";
				PRODUCT_NAME = "$(TARGET_NAME)";
				PROVISIONING_PROFILE = "cfcf133b-48d4-469a-86b5-dda86cce7096";
				PROVISIONING_PROFILE_SPECIFIER = developer;
				SKIP_INSTALL = YES;
				SWIFT_VERSION = 4.0;
			};
			name = Debug;
		};
		04F2D8AE1BFD70F20017992D /* Release */ = {
			isa = XCBuildConfiguration;
			baseConfigurationReference = 9777EEB8EB799FEF465EEA6A /* Pods-IpWidget.release.xcconfig */;
			buildSettings = {
				CODE_SIGN_STYLE = Manual;
				DEVELOPMENT_TEAM = "";
				INFOPLIST_FILE = IpWidget/Info.plist;
				IPHONEOS_DEPLOYMENT_TARGET = 8.0;
				LD_RUNPATH_SEARCH_PATHS = "$(inherited) @executable_path/Frameworks @executable_path/../../Frameworks";
				PRODUCT_BUNDLE_IDENTIFIER = "edu-edu.IP.IpWidget";
				PRODUCT_NAME = "$(TARGET_NAME)";
				PROVISIONING_PROFILE_SPECIFIER = "";
				SKIP_INSTALL = YES;
				SWIFT_VERSION = 4.0;
			};
			name = Release;
		};
/* End XCBuildConfiguration section */

/* Begin XCConfigurationList section */
		04269EE61BFC619E00FD30B5 /* Build configuration list for PBXProject "IP" */ = {
			isa = XCConfigurationList;
			buildConfigurations = (
				04269EFB1BFC619E00FD30B5 /* Debug */,
				04269EFC1BFC619E00FD30B5 /* Release */,
			);
			defaultConfigurationIsVisible = 0;
			defaultConfigurationName = Release;
		};
		04269EFD1BFC619E00FD30B5 /* Build configuration list for PBXNativeTarget "IP" */ = {
			isa = XCConfigurationList;
			buildConfigurations = (
				04269EFE1BFC619E00FD30B5 /* Debug */,
				04269EFF1BFC619E00FD30B5 /* Release */,
			);
			defaultConfigurationIsVisible = 0;
			defaultConfigurationName = Release;
		};
		04F2D8AF1BFD70F20017992D /* Build configuration list for PBXNativeTarget "IpWidget" */ = {
			isa = XCConfigurationList;
			buildConfigurations = (
				04F2D8AD1BFD70F20017992D /* Debug */,
				04F2D8AE1BFD70F20017992D /* Release */,
			);
			defaultConfigurationIsVisible = 0;
			defaultConfigurationName = Release;
		};
/* End XCConfigurationList section */
	};
	rootObject = 04269EE31BFC619E00FD30B5 /* Project object */;
}
